<?xml version="1.0" encoding="utf-8"?>
<Project ToolsVersion="4.0" xmlns="http://schemas.microsoft.com/developer/msbuild/2003">
  <ItemGroup>
    <ClCompile Include="image_file.cpp">
      <Filter>Source Files</Filter>
    </ClCompile>
    <ClCompile Include="mucat_file.cpp">
      <Filter>Source Files</Filter>
    </ClCompile>
    <ClCompile Include="para_TC.cpp">
      <Filter>Source Files</Filter>
    </ClCompile>
    <ClCompile Include="FilteredBackProjection.cpp">
      <Filter>Source Files</Filter>
    </ClCompile>
  </ItemGroup>
  <ItemGroup>
    <ClInclude Include="image_file.h">
      <Filter>Header Files</Filter>
    </ClInclude>
    <ClInclude Include="mucat_file.h">
      <Filter>Header Files</Filter>
    </ClInclude>
    <ClInclude Include="para_TC.h">
      <Filter>Header Files</Filter>
    </ClInclude>
    <ClInclude Include="FilteredBackProjection.h">
      <Filter>Header Files</Filter>
    </ClInclude>
  </ItemGroup>
  <ItemGroup>
    <Filter Include="Header Files">
      <UniqueIdentifier>{9d5b93d1-3ef7-485c-afbe-989e4b323332}</UniqueIdentifier>
    </Filter>
    <Filter Include="Source Files">
      <UniqueIdentifier>{d9d41797-8591-405b-8d4f-00c426758f77}</UniqueIdentifier>
    </Filter>
  </ItemGroup>
  <ItemGroup>
    <CudaCompile Include="kernel.cu">
      <Filter>Source Files</Filter>
    </CudaCompile>
  </ItemGroup>
  <ItemGroup>
    <None Include="kernel.cuh">
      <Filter>Header Files</Filter>
    </None>
  </ItemGroup>
</Project>